
Microsoft Visual Studio Solution File, Format Version 12.00
Project("{FAE04EC0-301F-11D3-BF4B-00C04F79EFBC}") = "Something.Like.Main", "src\Something.Like.Main\Something.Like.Main.csproj", "{7FCDCA94-FDCD-4FC3-8FFB-CE9D0C2963ED}"
EndProject
Project("{FAE04EC0-301F-11D3-BF4B-00C04F79EFBC}") = "Something.Like.Abstractions", "src\Something.Like.Abstractions\Something.Like.Abstractions.csproj", "{942B4AC3-B04A-4691-AFB9-160A629CF5E0}"
EndProject
Project("{FAE04EC0-301F-11D3-BF4B-00C04F79EFBC}") = "Something.Like.Api", "src\Something.Like.Api\Something.Like.Api.csproj", "{CD0232E1-B600-4106-96D6-AF3B70BE09F0}"
EndProject
Project("{FAE04EC0-301F-11D3-BF4B-00C04F79EFBC}") = "Something.Like.Bot", "src\Something.Like.Bot\Something.Like.Bot.csproj", "{693B932B-FD95-4A4A-8D46-765F1D8F0A7D}"
EndProject
Global
	GlobalSection(SolutionConfigurationPlatforms) = preSolution
		Debug|Any CPU = Debug|Any CPU
		Release|Any CPU = Release|Any CPU
	EndGlobalSection
	GlobalSection(ProjectConfigurationPlatforms) = postSolution
		{7FCDCA94-FDCD-4FC3-8FFB-CE9D0C2963ED}.Debug|Any CPU.ActiveCfg = Debug|Any CPU
		{7FCDCA94-FDCD-4FC3-8FFB-CE9D0C2963ED}.Debug|Any CPU.Build.0 = Debug|Any CPU
		{7FCDCA94-FDCD-4FC3-8FFB-CE9D0C2963ED}.Release|Any CPU.ActiveCfg = Release|Any CPU
		{7FCDCA94-FDCD-4FC3-8FFB-CE9D0C2963ED}.Release|Any CPU.Build.0 = Release|Any CPU
		{942B4AC3-B04A-4691-AFB9-160A629CF5E0}.Debug|Any CPU.ActiveCfg = Debug|Any CPU
		{942B4AC3-B04A-4691-AFB9-160A629CF5E0}.Debug|Any CPU.Build.0 = Debug|Any CPU
		{942B4AC3-B04A-4691-AFB9-160A629CF5E0}.Release|Any CPU.ActiveCfg = Release|Any CPU
		{942B4AC3-B04A-4691-AFB9-160A629CF5E0}.Release|Any CPU.Build.0 = Release|Any CPU
		{CD0232E1-B600-4106-96D6-AF3B70BE09F0}.Debug|Any CPU.ActiveCfg = Debug|Any CPU
		{CD0232E1-B600-4106-96D6-AF3B70BE09F0}.Debug|Any CPU.Build.0 = Debug|Any CPU
		{CD0232E1-B600-4106-96D6-AF3B70BE09F0}.Release|Any CPU.ActiveCfg = Release|Any CPU
		{CD0232E1-B600-4106-96D6-AF3B70BE09F0}.Release|Any CPU.Build.0 = Release|Any CPU
		{693B932B-FD95-4A4A-8D46-765F1D8F0A7D}.Debug|Any CPU.ActiveCfg = Debug|Any CPU
		{693B932B-FD95-4A4A-8D46-765F1D8F0A7D}.Debug|Any CPU.Build.0 = Debug|Any CPU
		{693B932B-FD95-4A4A-8D46-765F1D8F0A7D}.Release|Any CPU.ActiveCfg = Release|Any CPU
		{693B932B-FD95-4A4A-8D46-765F1D8F0A7D}.Release|Any CPU.Build.0 = Release|Any CPU
	EndGlobalSection
EndGlobal
